
Microsoft Visual Studio Solution File, Format Version 12.00
# Visual Studio 15
VisualStudioVersion = 15.0.27130.2036
MinimumVisualStudioVersion = 10.0.40219.1
Project("{FAE04EC0-301F-11D3-BF4B-00C04F79EFBC}") = "LspAnalyzer", "LspAnalyzer\LspAnalyzer.csproj", "{C6BEA224-BBDE-4B67-AEA3-32902200F8D6}"
EndProject
Project("{2150E333-8FDC-42A3-9474-1A3956D46DE8}") = "csharp_language-server-protocol", "csharp_language-server-protocol", "{495A748B-036B-4E1B-9C43-C914984B07F3}"
EndProject
Project("{2150E333-8FDC-42A3-9474-1A3956D46DE8}") = "Solution", "Solution", "{37DA2860-E072-4AF2-A5EB-CE66E9A6920F}"
	ProjectSection(SolutionItems) = preProject
		BuildCQueryLanguageServer.bat = BuildCQueryLanguageServer.bat
		LICENSE = LICENSE
		Setup\Release\LspAnalyzer.msi = Setup\Release\LspAnalyzer.msi
		LspAnalyzer\Tools\LspAnalyzerRemove.ps1 = LspAnalyzer\Tools\LspAnalyzerRemove.ps1
		readme.md = readme.md
	EndProjectSection
EndProject
Project("{FAE04EC0-301F-11D3-BF4B-00C04F79EFBC}") = "LspDb", "LspDb\LspDb\LspDb.csproj", "{B9DACD94-D98B-4747-A67B-9B350E911922}"
EndProject
Project("{9A19103F-16F7-4668-BE54-9A1E7A4F7556}") = "Client", "csharp_language-server-protocol\Client\Client.csproj", "{2D5C63BD-53F1-4B86-9346-0582936A938B}"
EndProject
Project("{9A19103F-16F7-4668-BE54-9A1E7A4F7556}") = "JsonRpc", "csharp_language-server-protocol\JsonRpc\JsonRpc.csproj", "{D46FB43F-3AB8-4E3A-8698-BDD2FE33B3BC}"
EndProject
Project("{9A19103F-16F7-4668-BE54-9A1E7A4F7556}") = "Protocol", "csharp_language-server-protocol\Protocol\Protocol.csproj", "{84B84EE2-BDE7-43F2-B0C1-DEE3F71A0F08}"
EndProject
Project("{9A19103F-16F7-4668-BE54-9A1E7A4F7556}") = "Server", "csharp_language-server-protocol\Server\Server.csproj", "{250D09AF-A1DE-4783-9FD1-2A9AE6277FCE}"
EndProject
Project("{FAE04EC0-301F-11D3-BF4B-00C04F79EFBC}") = "LspServices", "LspServices\LspServices.csproj", "{E2F9EF0D-9A8D-465D-9442-C088A724354A}"
EndProject
Project("{54435603-DBB4-11D2-8724-00A0C9A8B90C}") = "LspAnalyzerSetup", "Setup\Setup.vdproj", "{3EB28B1D-1C86-4D18-B1EF-8CD28D625C81}"
EndProject
Global
	GlobalSection(SolutionConfigurationPlatforms) = preSolution
		Debug|Any CPU = Debug|Any CPU
		Debug|x64 = Debug|x64
		Release|Any CPU = Release|Any CPU
		Release|x64 = Release|x64
	EndGlobalSection
	GlobalSection(ProjectConfigurationPlatforms) = postSolution
		{C6BEA224-BBDE-4B67-AEA3-32902200F8D6}.Debug|Any CPU.ActiveCfg = Debug|Any CPU
		{C6BEA224-BBDE-4B67-AEA3-32902200F8D6}.Debug|Any CPU.Build.0 = Debug|Any CPU
		{C6BEA224-BBDE-4B67-AEA3-32902200F8D6}.Debug|x64.ActiveCfg = Debug|x64
		{C6BEA224-BBDE-4B67-AEA3-32902200F8D6}.Debug|x64.Build.0 = Debug|x64
		{C6BEA224-BBDE-4B67-AEA3-32902200F8D6}.Release|Any CPU.ActiveCfg = Release|Any CPU
		{C6BEA224-BBDE-4B67-AEA3-32902200F8D6}.Release|Any CPU.Build.0 = Release|Any CPU
		{C6BEA224-BBDE-4B67-AEA3-32902200F8D6}.Release|x64.ActiveCfg = Release|x64
		{C6BEA224-BBDE-4B67-AEA3-32902200F8D6}.Release|x64.Build.0 = Release|x64
		{B9DACD94-D98B-4747-A67B-9B350E911922}.Debug|Any CPU.ActiveCfg = Debug|Any CPU
		{B9DACD94-D98B-4747-A67B-9B350E911922}.Debug|Any CPU.Build.0 = Debug|Any CPU
		{B9DACD94-D98B-4747-A67B-9B350E911922}.Debug|x64.ActiveCfg = Debug|x64
		{B9DACD94-D98B-4747-A67B-9B350E911922}.Debug|x64.Build.0 = Debug|x64
		{B9DACD94-D98B-4747-A67B-9B350E911922}.Release|Any CPU.ActiveCfg = Release|Any CPU
		{B9DACD94-D98B-4747-A67B-9B350E911922}.Release|Any CPU.Build.0 = Release|Any CPU
		{B9DACD94-D98B-4747-A67B-9B350E911922}.Release|x64.ActiveCfg = Release|x64
		{B9DACD94-D98B-4747-A67B-9B350E911922}.Release|x64.Build.0 = Release|x64
		{2D5C63BD-53F1-4B86-9346-0582936A938B}.Debug|Any CPU.ActiveCfg = Debug|Any CPU
		{2D5C63BD-53F1-4B86-9346-0582936A938B}.Debug|Any CPU.Build.0 = Debug|Any CPU
		{2D5C63BD-53F1-4B86-9346-0582936A938B}.Debug|x64.ActiveCfg = Debug|x64
		{2D5C63BD-53F1-4B86-9346-0582936A938B}.Debug|x64.Build.0 = Debug|x64
		{2D5C63BD-53F1-4B86-9346-0582936A938B}.Release|Any CPU.ActiveCfg = Release|Any CPU
		{2D5C63BD-53F1-4B86-9346-0582936A938B}.Release|Any CPU.Build.0 = Release|Any CPU
		{2D5C63BD-53F1-4B86-9346-0582936A938B}.Release|x64.ActiveCfg = Release|x64
		{2D5C63BD-53F1-4B86-9346-0582936A938B}.Release|x64.Build.0 = Release|x64
		{D46FB43F-3AB8-4E3A-8698-BDD2FE33B3BC}.Debug|Any CPU.ActiveCfg = Debug|Any CPU
		{D46FB43F-3AB8-4E3A-8698-BDD2FE33B3BC}.Debug|Any CPU.Build.0 = Debug|Any CPU
		{D46FB43F-3AB8-4E3A-8698-BDD2FE33B3BC}.Debug|x64.ActiveCfg = Debug|x64
		{D46FB43F-3AB8-4E3A-8698-BDD2FE33B3BC}.Debug|x64.Build.0 = Debug|x64
		{D46FB43F-3AB8-4E3A-8698-BDD2FE33B3BC}.Release|Any CPU.ActiveCfg = Release|Any CPU
		{D46FB43F-3AB8-4E3A-8698-BDD2FE33B3BC}.Release|Any CPU.Build.0 = Release|Any CPU
		{D46FB43F-3AB8-4E3A-8698-BDD2FE33B3BC}.Release|x64.ActiveCfg = Release|x64
		{D46FB43F-3AB8-4E3A-8698-BDD2FE33B3BC}.Release|x64.Build.0 = Release|x64
		{84B84EE2-BDE7-43F2-B0C1-DEE3F71A0F08}.Debug|Any CPU.ActiveCfg = Debug|Any CPU
		{84B84EE2-BDE7-43F2-B0C1-DEE3F71A0F08}.Debug|Any CPU.Build.0 = Debug|Any CPU
		{84B84EE2-BDE7-43F2-B0C1-DEE3F71A0F08}.Debug|x64.ActiveCfg = Debug|x64
		{84B84EE2-BDE7-43F2-B0C1-DEE3F71A0F08}.Debug|x64.Build.0 = Debug|x64
		{84B84EE2-BDE7-43F2-B0C1-DEE3F71A0F08}.Release|Any CPU.ActiveCfg = Release|Any CPU
		{84B84EE2-BDE7-43F2-B0C1-DEE3F71A0F08}.Release|Any CPU.Build.0 = Release|Any CPU
		{84B84EE2-BDE7-43F2-B0C1-DEE3F71A0F08}.Release|x64.ActiveCfg = Release|x64
		{84B84EE2-BDE7-43F2-B0C1-DEE3F71A0F08}.Release|x64.Build.0 = Release|x64
		{250D09AF-A1DE-4783-9FD1-2A9AE6277FCE}.Debug|Any CPU.ActiveCfg = Debug|Any CPU
		{250D09AF-A1DE-4783-9FD1-2A9AE6277FCE}.Debug|Any CPU.Build.0 = Debug|Any CPU
		{250D09AF-A1DE-4783-9FD1-2A9AE6277FCE}.Debug|x64.ActiveCfg = Debug|x64
		{250D09AF-A1DE-4783-9FD1-2A9AE6277FCE}.Debug|x64.Build.0 = Debug|x64
		{250D09AF-A1DE-4783-9FD1-2A9AE6277FCE}.Release|Any CPU.ActiveCfg = Release|Any CPU
		{250D09AF-A1DE-4783-9FD1-2A9AE6277FCE}.Release|Any CPU.Build.0 = Release|Any CPU
		{250D09AF-A1DE-4783-9FD1-2A9AE6277FCE}.Release|x64.ActiveCfg = Release|x64
		{250D09AF-A1DE-4783-9FD1-2A9AE6277FCE}.Release|x64.Build.0 = Release|x64
		{E2F9EF0D-9A8D-465D-9442-C088A724354A}.Debug|Any CPU.ActiveCfg = Debug|Any CPU
		{E2F9EF0D-9A8D-465D-9442-C088A724354A}.Debug|Any CPU.Build.0 = Debug|Any CPU
		{E2F9EF0D-9A8D-465D-9442-C088A724354A}.Debug|x64.ActiveCfg = Debug|x64
		{E2F9EF0D-9A8D-465D-9442-C088A724354A}.Debug|x64.Build.0 = Debug|x64
		{E2F9EF0D-9A8D-465D-9442-C088A724354A}.Release|Any CPU.ActiveCfg = Release|Any CPU
		{E2F9EF0D-9A8D-465D-9442-C088A724354A}.Release|Any CPU.Build.0 = Release|Any CPU
		{E2F9EF0D-9A8D-465D-9442-C088A724354A}.Release|x64.ActiveCfg = Release|x64
		{E2F9EF0D-9A8D-465D-9442-C088A724354A}.Release|x64.Build.0 = Release|x64
		{3EB28B1D-1C86-4D18-B1EF-8CD28D625C81}.Debug|Any CPU.ActiveCfg = Debug
		{3EB28B1D-1C86-4D18-B1EF-8CD28D625C81}.Debug|Any CPU.Build.0 = Debug
		{3EB28B1D-1C86-4D18-B1EF-8CD28D625C81}.Debug|x64.ActiveCfg = Debug
		{3EB28B1D-1C86-4D18-B1EF-8CD28D625C81}.Debug|x64.Build.0 = Debug
		{3EB28B1D-1C86-4D18-B1EF-8CD28D625C81}.Release|Any CPU.ActiveCfg = Release
		{3EB28B1D-1C86-4D18-B1EF-8CD28D625C81}.Release|Any CPU.Build.0 = Release
		{3EB28B1D-1C86-4D18-B1EF-8CD28D625C81}.Release|x64.ActiveCfg = Release
		{3EB28B1D-1C86-4D18-B1EF-8CD28D625C81}.Release|x64.Build.0 = Release
	EndGlobalSection
	GlobalSection(SolutionProperties) = preSolution
		HideSolutionNode = FALSE
	EndGlobalSection
	GlobalSection(NestedProjects) = preSolution
		{2D5C63BD-53F1-4B86-9346-0582936A938B} = {495A748B-036B-4E1B-9C43-C914984B07F3}
		{D46FB43F-3AB8-4E3A-8698-BDD2FE33B3BC} = {495A748B-036B-4E1B-9C43-C914984B07F3}
		{84B84EE2-BDE7-43F2-B0C1-DEE3F71A0F08} = {495A748B-036B-4E1B-9C43-C914984B07F3}
		{250D09AF-A1DE-4783-9FD1-2A9AE6277FCE} = {495A748B-036B-4E1B-9C43-C914984B07F3}
	EndGlobalSection
	GlobalSection(ExtensibilityGlobals) = postSolution
		SolutionGuid = {42D7B2F3-FEDF-4A2E-8D74-BC6B219DABCF}
	EndGlobalSection
EndGlobal
